{
  "version": 4,
  "terraform_version": "1.6.2",
  "serial": 3,
  "lineage": "b09f04ee-5aad-4c7a-2272-b9b14c5270c9",
  "outputs": {},
  "resources": [
    {
      "mode": "managed",
      "type": "google_container_cluster",
      "name": "my_clust",
      "provider": "provider[\"registry.terraform.io/hashicorp/google\"]",
      "instances": [
        {
          "schema_version": 2,
          "attributes": {
            "addons_config": [
              {
                "cloudrun_config": [],
                "config_connector_config": [],
                "dns_cache_config": [],
                "gce_persistent_disk_csi_driver_config": [
                  {
                    "enabled": true
                  }
                ],
                "gcp_filestore_csi_driver_config": [],
                "gcs_fuse_csi_driver_config": [],
                "gke_backup_agent_config": [],
                "horizontal_pod_autoscaling": [],
                "http_load_balancing": [],
                "network_policy_config": [
                  {
                    "disabled": true
                  }
                ]
              }
            ],
            "allow_net_admin": null,
            "authenticator_groups_config": [],
            "binary_authorization": [
              {
                "enabled": false,
                "evaluation_mode": ""
              }
            ],
            "cluster_autoscaling": [
              {
                "auto_provisioning_defaults": [],
                "enabled": false,
                "resource_limits": []
              }
            ],
            "cluster_ipv4_cidr": "10.72.0.0/14",
            "confidential_nodes": [],
            "cost_management_config": [],
            "database_encryption": [
              {
                "key_name": "",
                "state": "DECRYPTED"
              }
            ],
            "datapath_provider": "",
            "default_max_pods_per_node": 110,
            "default_snat_status": [
              {
                "disabled": false
              }
            ],
            "deletion_protection": true,
            "description": "",
            "dns_config": [],
            "enable_autopilot": false,
            "enable_intranode_visibility": false,
            "enable_k8s_beta_apis": [],
            "enable_kubernetes_alpha": false,
            "enable_l4_ilb_subsetting": false,
            "enable_legacy_abac": false,
            "enable_shielded_nodes": true,
            "enable_tpu": false,
            "endpoint": "34.138.254.112",
            "gateway_api_config": [],
            "id": "projects/csci-5408-new/locations/us-east1-b/clusters/gke-1",
            "initial_node_count": 3,
            "ip_allocation_policy": [
              {
                "additional_pod_ranges_config": [],
                "cluster_ipv4_cidr_block": "10.72.0.0/14",
                "cluster_secondary_range_name": "gke-gke-1-pods-fa063d4a",
                "pod_cidr_overprovision_config": [
                  {
                    "disabled": false
                  }
                ],
                "services_ipv4_cidr_block": "10.76.0.0/20",
                "services_secondary_range_name": "gke-gke-1-services-fa063d4a",
                "stack_type": "IPV4"
              }
            ],
            "label_fingerprint": "a9dc16a7",
            "location": "us-east1-b",
            "logging_config": [
              {
                "enable_components": [
                  "SYSTEM_COMPONENTS",
                  "WORKLOADS"
                ]
              }
            ],
            "logging_service": "logging.googleapis.com/kubernetes",
            "maintenance_policy": [],
            "master_auth": [
              {
                "client_certificate": "",
                "client_certificate_config": [
                  {
                    "issue_client_certificate": false
                  }
                ],
                "client_key": "",
                "cluster_ca_certificate": "LS0tLS1CRUdJTiBDRVJUSUZJQ0FURS0tLS0tCk1JSUVMVENDQXBXZ0F3SUJBZ0lSQVB6SXVxdm1wbGNOSWh0UWxYQUxlNE13RFFZSktvWklodmNOQVFFTEJRQXcKTHpFdE1Dc0dBMVVFQXhNa01qUmxNV1EyTnpJdE5UaGpZeTAwTVdFMkxUaG1OVE10TkRNMFlXRXlNRFl4WlRRMApNQ0FYRFRJek1UQXlNREF4TXpreU1Wb1lEekl3TlRNeE1ERXlNREl6T1RJeFdqQXZNUzB3S3dZRFZRUURFeVF5Ck5HVXhaRFkzTWkwMU9HTmpMVFF4WVRZdE9HWTFNeTAwTXpSaFlUSXdOakZsTkRRd2dnR2lNQTBHQ1NxR1NJYjMKRFFFQkFRVUFBNElCandBd2dnR0tBb0lCZ1FDZ3dMemV4dXN4cVMyaFpCbU9OOTJvU2dsNUtIRUZqWnhPRWhSYwpuNjhDeWhOWmJXbzdPVUFRcU9hamdPQmtucmRSYXpqWHpvcCtyOVV0MmpMMmxza1VXZFFJaEhta3FhVG4xdmNnCnZLdDNyQncrNGlTdWRYOG1peVptbTdxY0pubWdGOWJGRFRrMHVzQUtLbGNSR00zOEMvbDBjS094Mzk0Sjh5WWIKd1gvQ2ZZWHZuZDY0YnJFVjdhZGRtb2FuZ1hXeDduL2RYMTd0L3BObml5VFBabFQ0RzVuQzdrNjAvc3NpcFlVMQpMd2xJVmZ3NFpKZ1drUEo1eXZtUU9jdVVmTmpPQjZIbmdoWndQRjJLY3N6TjNDZk5kOTFuNldDcnJydDJJTGl3CkdqWE0zS0hoV1pJcTlFa2VwaXZhbGZDek01Z1JaY2tJUWtwU2RoRWpRR2c4SW8vb0x1VUE0bGRmQ0NSR2t5VXAKYTBvRnplTzUyTTAxTmJ4RmFoRmxSYzFHdG10QVNLWFprRkJFZVFJdjhWcFJTZDFuWi9DLzJRenVNY0FQOU5TTQpQSTkvSHo3L3pIZmV2ZXlVKzN2RHV3NU1vcFpqU1ZRZi9DdWVtRExHK1BmcTRUNkNiaERtb3JLSjM0R05xeFpwCkpuYS94WDNJa2pxRjlCallGUFRXQnNsMWJLVUNBd0VBQWFOQ01FQXdEZ1lEVlIwUEFRSC9CQVFEQWdJRU1BOEcKQTFVZEV3RUIvd1FGTUFNQkFmOHdIUVlEVlIwT0JCWUVGRzN2cnBiMGVWREkweDdpZ0ZVVTFOY0JnWk4zTUEwRwpDU3FHU0liM0RRRUJDd1VBQTRJQmdRQ1F0N3BKYWxib0t6K21RV0t6aTdKdHV1NWRsSWZ0OVMrak5iT0Z5VHVOCkt2cGRPZTVjTnMzNTBZMUFZbisyM2xXYWhWbTVYNzNMKzVpN0x2UVhBM1IzQW1ncWpSUzAyVjVPQ3dCL3BVeTkKVndWVUxxS2VYRzB4NHA4bWY3bG1xQXR6ZzV3L3drVW15dVBpa1dIVWEwNGJIU2p3NmFCUXVoMGVOVmpKMndOagpIdHRmR2laRjNmVzh4Z0w1THU4WTdrKzI3N1lhcm4rS3pEUEJndmhPT3I4WVR6djdXWjFXcmk3UWd2aVpzR3k5ClRIejlrbW9haTdvTjNHdWRTZUtKWTdDZlU2SkVuTStHU1Z3NFFYVlZYRkIvc0lqdlZKcEpNMnBXaDlsMzdmWTMKUFR5dTdoQzlKMXovd0xWOTdQVCt5T2NVMVJoVnNGdmJCVWNVdm1GdjBzcjNETzQweFpHQTRLQzFQSXBkclIxRwpQWnM1dnQvb2ZUeHVGcHpxM1NQSzFhQWN2bEJwMExrYzk5bXdURXBtalRZbUlGZEJJcWRKSE9aUzVNK2I4dGMrCkpLcy9wQVhHMUIwTW5uTUVHcHBtc0Irc1NQS2R5NW9oNHBMZFVqNmh5Z1pWeVJuSW9WbXNJMFU4MnMzSGFiL2YKMFdwdlhubngyRUtqbVZSczZxOS9VMUE9Ci0tLS0tRU5EIENFUlRJRklDQVRFLS0tLS0K"
              }
            ],
            "master_authorized_networks_config": [],
            "master_version": "1.27.3-gke.100",
            "mesh_certificates": [],
            "min_master_version": null,
            "monitoring_config": [
              {
                "advanced_datapath_observability_config": [
                  {
                    "enable_metrics": false,
                    "relay_mode": "DISABLED"
                  }
                ],
                "enable_components": [
                  "SYSTEM_COMPONENTS"
                ],
                "managed_prometheus": [
                  {
                    "enabled": true
                  }
                ]
              }
            ],
            "monitoring_service": "monitoring.googleapis.com/kubernetes",
            "name": "gke-1",
            "network": "projects/csci-5408-new/global/networks/default",
            "network_policy": [
              {
                "enabled": false,
                "provider": "PROVIDER_UNSPECIFIED"
              }
            ],
            "networking_mode": "VPC_NATIVE",
            "node_config": [
              {
                "advanced_machine_features": [],
                "boot_disk_kms_key": "",
                "confidential_nodes": [],
                "disk_size_gb": 10,
                "disk_type": "pd-balanced",
                "effective_taints": [],
                "ephemeral_storage_local_ssd_config": [],
                "fast_socket": [],
                "gcfs_config": [],
                "guest_accelerator": [],
                "gvnic": [],
                "host_maintenance_policy": [],
                "image_type": "COS_CONTAINERD",
                "kubelet_config": [],
                "labels": {},
                "linux_node_config": [],
                "local_nvme_ssd_block_config": [],
                "local_ssd_count": 0,
                "logging_variant": "DEFAULT",
                "machine_type": "e2-medium",
                "metadata": {
                  "disable-legacy-endpoints": "true"
                },
                "min_cpu_platform": "",
                "node_group": "",
                "oauth_scopes": [
                  "https://www.googleapis.com/auth/devstorage.read_only",
                  "https://www.googleapis.com/auth/logging.write",
                  "https://www.googleapis.com/auth/monitoring",
                  "https://www.googleapis.com/auth/service.management.readonly",
                  "https://www.googleapis.com/auth/servicecontrol",
                  "https://www.googleapis.com/auth/trace.append"
                ],
                "preemptible": false,
                "reservation_affinity": [],
                "resource_labels": null,
                "service_account": "default",
                "shielded_instance_config": [
                  {
                    "enable_integrity_monitoring": true,
                    "enable_secure_boot": false
                  }
                ],
                "sole_tenant_config": [],
                "spot": false,
                "tags": null,
                "taint": [],
                "workload_metadata_config": []
              }
            ],
            "node_locations": [],
            "node_pool": [
              {
                "autoscaling": [],
                "initial_node_count": 3,
                "instance_group_urls": [
                  "https://www.googleapis.com/compute/v1/projects/csci-5408-new/zones/us-east1-b/instanceGroupManagers/gke-gke-1-default-pool-48179258-grp"
                ],
                "managed_instance_group_urls": [
                  "https://www.googleapis.com/compute/v1/projects/csci-5408-new/zones/us-east1-b/instanceGroups/gke-gke-1-default-pool-48179258-grp"
                ],
                "management": [
                  {
                    "auto_repair": true,
                    "auto_upgrade": true
                  }
                ],
                "max_pods_per_node": 110,
                "name": "default-pool",
                "name_prefix": "",
                "network_config": [
                  {
                    "create_pod_range": false,
                    "enable_private_nodes": false,
                    "pod_cidr_overprovision_config": [],
                    "pod_ipv4_cidr_block": "10.72.0.0/14",
                    "pod_range": "gke-gke-1-pods-fa063d4a"
                  }
                ],
                "node_config": [
                  {
                    "advanced_machine_features": [],
                    "boot_disk_kms_key": "",
                    "confidential_nodes": [],
                    "disk_size_gb": 10,
                    "disk_type": "pd-balanced",
                    "effective_taints": [],
                    "ephemeral_storage_local_ssd_config": [],
                    "fast_socket": [],
                    "gcfs_config": [],
                    "guest_accelerator": [],
                    "gvnic": [],
                    "host_maintenance_policy": [],
                    "image_type": "COS_CONTAINERD",
                    "kubelet_config": [],
                    "labels": {},
                    "linux_node_config": [],
                    "local_nvme_ssd_block_config": [],
                    "local_ssd_count": 0,
                    "logging_variant": "DEFAULT",
                    "machine_type": "e2-medium",
                    "metadata": {
                      "disable-legacy-endpoints": "true"
                    },
                    "min_cpu_platform": "",
                    "node_group": "",
                    "oauth_scopes": [
                      "https://www.googleapis.com/auth/devstorage.read_only",
                      "https://www.googleapis.com/auth/logging.write",
                      "https://www.googleapis.com/auth/monitoring",
                      "https://www.googleapis.com/auth/service.management.readonly",
                      "https://www.googleapis.com/auth/servicecontrol",
                      "https://www.googleapis.com/auth/trace.append"
                    ],
                    "preemptible": false,
                    "reservation_affinity": [],
                    "resource_labels": {},
                    "service_account": "default",
                    "shielded_instance_config": [
                      {
                        "enable_integrity_monitoring": true,
                        "enable_secure_boot": false
                      }
                    ],
                    "sole_tenant_config": [],
                    "spot": false,
                    "tags": [],
                    "taint": [],
                    "workload_metadata_config": []
                  }
                ],
                "node_count": 3,
                "node_locations": [
                  "us-east1-b"
                ],
                "placement_policy": [],
                "upgrade_settings": [
                  {
                    "blue_green_settings": [],
                    "max_surge": 1,
                    "max_unavailable": 0,
                    "strategy": "SURGE"
                  }
                ],
                "version": "1.27.3-gke.100"
              }
            ],
            "node_pool_auto_config": [],
            "node_pool_defaults": [
              {
                "node_config_defaults": [
                  {
                    "logging_variant": "DEFAULT"
                  }
                ]
              }
            ],
            "node_version": "1.27.3-gke.100",
            "notification_config": [
              {
                "pubsub": [
                  {
                    "enabled": false,
                    "filter": [],
                    "topic": ""
                  }
                ]
              }
            ],
            "operation": null,
            "private_cluster_config": [
              {
                "enable_private_endpoint": false,
                "enable_private_nodes": false,
                "master_global_access_config": [
                  {
                    "enabled": false
                  }
                ],
                "master_ipv4_cidr_block": "",
                "peering_name": "",
                "private_endpoint": "10.142.0.18",
                "private_endpoint_subnetwork": "",
                "public_endpoint": "34.138.254.112"
              }
            ],
            "private_ipv6_google_access": "",
            "project": "csci-5408-new",
            "release_channel": [
              {
                "channel": "REGULAR"
              }
            ],
            "remove_default_node_pool": null,
            "resource_labels": null,
            "resource_usage_export_config": [],
            "security_posture_config": [
              {
                "mode": "BASIC",
                "vulnerability_mode": "VULNERABILITY_MODE_UNSPECIFIED"
              }
            ],
            "self_link": "https://container.googleapis.com/v1/projects/csci-5408-new/zones/us-east1-b/clusters/gke-1",
            "service_external_ips_config": [
              {
                "enabled": false
              }
            ],
            "services_ipv4_cidr": "10.76.0.0/20",
            "subnetwork": "projects/csci-5408-new/regions/us-east1/subnetworks/default",
            "timeouts": null,
            "tpu_ipv4_cidr_block": "",
            "vertical_pod_autoscaling": [],
            "workload_identity_config": []
          },
          "sensitive_attributes": [],
          "private": "eyJlMmJmYjczMC1lY2FhLTExZTYtOGY4OC0zNDM2M2JjN2M0YzAiOnsiY3JlYXRlIjoyNDAwMDAwMDAwMDAwLCJkZWxldGUiOjI0MDAwMDAwMDAwMDAsInJlYWQiOjI0MDAwMDAwMDAwMDAsInVwZGF0ZSI6MzYwMDAwMDAwMDAwMH0sInNjaGVtYV92ZXJzaW9uIjoiMiJ9"
        }
      ]
    }
  ],
  "check_results": null
}
